
Microsoft Visual Studio Solution File, Format Version 12.00
# Visual Studio Version 16
VisualStudioVersion = 16.0.29009.5
MinimumVisualStudioVersion = 10.0.40219.1
Project("{FAE04EC0-301F-11D3-BF4B-00C04F79EFBC}") = "ClassCa", "ClassCa\ClassCa.csproj", "{BADCA248-0F42-487E-B3E0-DFB1E7B29FE7}"
EndProject
Global
	GlobalSection(SolutionConfigurationPlatforms) = preSolution
		Debug|Any CPU = Debug|Any CPU
		Release|Any CPU = Release|Any CPU
	EndGlobalSection
	GlobalSection(ProjectConfigurationPlatforms) = postSolution
		{BADCA248-0F42-487E-B3E0-DFB1E7B29FE7}.Debug|Any CPU.ActiveCfg = Debug|Any CPU
		{BADCA248-0F42-487E-B3E0-DFB1E7B29FE7}.Debug|Any CPU.Build.0 = Debug|Any CPU
		{BADCA248-0F42-487E-B3E0-DFB1E7B29FE7}.Release|Any CPU.ActiveCfg = Release|Any CPU
		{BADCA248-0F42-487E-B3E0-DFB1E7B29FE7}.Release|Any CPU.Build.0 = Release|Any CPU
	EndGlobalSection
	GlobalSection(SolutionProperties) = preSolution
		HideSolutionNode = FALSE
	EndGlobalSection
	GlobalSection(ExtensibilityGlobals) = postSolution
		SolutionGuid = {AE43F417-F0F9-44E8-9CF9-F216A0F8D1E6}
	EndGlobalSection
EndGlobal
